// !$*UTF8*$!
{
	archiveVersion = 1;
	classes = {
	};
	objectVersion = 48;
	objects = {

/* Begin PBXBuildFile section */
		8F9A9026205B54EA00E3D5F6 /* Jack.m in Sources */ = {isa = PBXBuildFile; fileRef = 8F9A9025205B54EA00E3D5F6 /* Jack.m */; };
		8F9A9028205B927600E3D5F6 /* Person.plist in Resources */ = {isa = PBXBuildFile; fileRef = 8F9A9027205B927600E3D5F6 /* Person.plist */; };
		8F9A902B205B9C2200E3D5F6 /* Network.m in Sources */ = {isa = PBXBuildFile; fileRef = 8F9A902A205B9C2200E3D5F6 /* Network.m */; };
		8F9A902E205B9E8C00E3D5F6 /* UserHeaderView.m in Sources */ = {isa = PBXBuildFile; fileRef = 8F9A902D205B9E8C00E3D5F6 /* UserHeaderView.m */; };
		8F9A9030205BA30D00E3D5F6 /* 4.jpeg in Resources */ = {isa = PBXBuildFile; fileRef = 8F9A902F205BA30D00E3D5F6 /* 4.jpeg */; };
		8FCAE6CD20535D7C0004BE33 /* AppDelegate.m in Sources */ = {isa = PBXBuildFile; fileRef = 8FCAE6CC20535D7C0004BE33 /* AppDelegate.m */; };
		8FCAE6D520535D7C0004BE33 /* Assets.xcassets in Resources */ = {isa = PBXBuildFile; fileRef = 8FCAE6D420535D7C0004BE33 /* Assets.xcassets */; };
		8FCAE6D820535D7C0004BE33 /* LaunchScreen.storyboard in Resources */ = {isa = PBXBuildFile; fileRef = 8FCAE6D620535D7C0004BE33 /* LaunchScreen.storyboard */; };
		8FCAE6DB20535D7C0004BE33 /* main.m in Sources */ = {isa = PBXBuildFile; fileRef = 8FCAE6DA20535D7C0004BE33 /* main.m */; };
		8FCAE6E720535E6A0004BE33 /* TBViewController.m in Sources */ = {isa = PBXBuildFile; fileRef = 8FCAE6E620535E6A0004BE33 /* TBViewController.m */; };
		8FCAE6EA20535EB20004BE33 /* TBDataSource.m in Sources */ = {isa = PBXBuildFile; fileRef = 8FCAE6E920535EB20004BE33 /* TBDataSource.m */; };
		8FCAE6ED2053754D0004BE33 /* Person.m in Sources */ = {isa = PBXBuildFile; fileRef = 8FCAE6EC2053754D0004BE33 /* Person.m */; };
		8FCAE6EF205375F60004BE33 /* Main.storyboard in Resources */ = {isa = PBXBuildFile; fileRef = 8FCAE6EE205375F60004BE33 /* Main.storyboard */; };
		8FCAE6F2205378CA0004BE33 /* MainController.m in Sources */ = {isa = PBXBuildFile; fileRef = 8FCAE6F1205378CA0004BE33 /* MainController.m */; };
		8FCAE6F5205379E40004BE33 /* LogicViewController.m in Sources */ = {isa = PBXBuildFile; fileRef = 8FCAE6F4205379E40004BE33 /* LogicViewController.m */; };
		8FCAE6F820537A0C0004BE33 /* NetworkViewController.m in Sources */ = {isa = PBXBuildFile; fileRef = 8FCAE6F720537A0C0004BE33 /* NetworkViewController.m */; };
		8FCAE6FB20537A270004BE33 /* StoreViewController.m in Sources */ = {isa = PBXBuildFile; fileRef = 8FCAE6FA20537A270004BE33 /* StoreViewController.m */; };
		8FCAE6FE20537A430004BE33 /* ViewCodeViewController.m in Sources */ = {isa = PBXBuildFile; fileRef = 8FCAE6FD20537A430004BE33 /* ViewCodeViewController.m */; };
/* End PBXBuildFile section */

/* Begin PBXFileReference section */
		8F9A9024205B54EA00E3D5F6 /* Jack.h */ = {isa = PBXFileReference; lastKnownFileType = sourcecode.c.h; path = Jack.h; sourceTree = "<group>"; };
		8F9A9025205B54EA00E3D5F6 /* Jack.m */ = {isa = PBXFileReference; lastKnownFileType = sourcecode.c.objc; path = Jack.m; sourceTree = "<group>"; };
		8F9A9027205B927600E3D5F6 /* Person.plist */ = {isa = PBXFileReference; lastKnownFileType = text.plist.xml; path = Person.plist; sourceTree = "<group>"; };
		8F9A9029205B9C2200E3D5F6 /* Network.h */ = {isa = PBXFileReference; lastKnownFileType = sourcecode.c.h; path = Network.h; sourceTree = "<group>"; };
		8F9A902A205B9C2200E3D5F6 /* Network.m */ = {isa = PBXFileReference; lastKnownFileType = sourcecode.c.objc; path = Network.m; sourceTree = "<group>"; };
		8F9A902C205B9E8C00E3D5F6 /* UserHeaderView.h */ = {isa = PBXFileReference; lastKnownFileType = sourcecode.c.h; path = UserHeaderView.h; sourceTree = "<group>"; };
		8F9A902D205B9E8C00E3D5F6 /* UserHeaderView.m */ = {isa = PBXFileReference; lastKnownFileType = sourcecode.c.objc; path = UserHeaderView.m; sourceTree = "<group>"; };
		8F9A902F205BA30D00E3D5F6 /* 4.jpeg */ = {isa = PBXFileReference; lastKnownFileType = image.jpeg; path = 4.jpeg; sourceTree = "<group>"; };
		8FCAE6C820535D7C0004BE33 /* 轻量级ViewController.app */ = {isa = PBXFileReference; explicitFileType = wrapper.application; includeInIndex = 0; path = "轻量级ViewController.app"; sourceTree = BUILT_PRODUCTS_DIR; };
		8FCAE6CB20535D7C0004BE33 /* AppDelegate.h */ = {isa = PBXFileReference; lastKnownFileType = sourcecode.c.h; path = AppDelegate.h; sourceTree = "<group>"; };
		8FCAE6CC20535D7C0004BE33 /* AppDelegate.m */ = {isa = PBXFileReference; lastKnownFileType = sourcecode.c.objc; path = AppDelegate.m; sourceTree = "<group>"; };
		8FCAE6D420535D7C0004BE33 /* Assets.xcassets */ = {isa = PBXFileReference; lastKnownFileType = folder.assetcatalog; path = Assets.xcassets; sourceTree = "<group>"; };
		8FCAE6D720535D7C0004BE33 /* Base */ = {isa = PBXFileReference; lastKnownFileType = file.storyboard; name = Base; path = Base.lproj/LaunchScreen.storyboard; sourceTree = "<group>"; };
		8FCAE6D920535D7C0004BE33 /* Info.plist */ = {isa = PBXFileReference; lastKnownFileType = text.plist.xml; path = Info.plist; sourceTree = "<group>"; };
		8FCAE6DA20535D7C0004BE33 /* main.m */ = {isa = PBXFileReference; lastKnownFileType = sourcecode.c.objc; path = main.m; sourceTree = "<group>"; };
		8FCAE6E520535E6A0004BE33 /* TBViewController.h */ = {isa = PBXFileReference; lastKnownFileType = sourcecode.c.h; path = TBViewController.h; sourceTree = "<group>"; };
		8FCAE6E620535E6A0004BE33 /* TBViewController.m */ = {isa = PBXFileReference; lastKnownFileType = sourcecode.c.objc; path = TBViewController.m; sourceTree = "<group>"; };
		8FCAE6E820535EB20004BE33 /* TBDataSource.h */ = {isa = PBXFileReference; lastKnownFileType = sourcecode.c.h; path = TBDataSource.h; sourceTree = "<group>"; };
		8FCAE6E920535EB20004BE33 /* TBDataSource.m */ = {isa = PBXFileReference; lastKnownFileType = sourcecode.c.objc; path = TBDataSource.m; sourceTree = "<group>"; };
		8FCAE6EB2053754D0004BE33 /* Person.h */ = {isa = PBXFileReference; lastKnownFileType = sourcecode.c.h; path = Person.h; sourceTree = "<group>"; };
		8FCAE6EC2053754D0004BE33 /* Person.m */ = {isa = PBXFileReference; lastKnownFileType = sourcecode.c.objc; path = Person.m; sourceTree = "<group>"; };
		8FCAE6EE205375F60004BE33 /* Main.storyboard */ = {isa = PBXFileReference; lastKnownFileType = file.storyboard; path = Main.storyboard; sourceTree = "<group>"; };
		8FCAE6F0205378CA0004BE33 /* MainController.h */ = {isa = PBXFileReference; lastKnownFileType = sourcecode.c.h; path = MainController.h; sourceTree = "<group>"; };
		8FCAE6F1205378CA0004BE33 /* MainController.m */ = {isa = PBXFileReference; lastKnownFileType = sourcecode.c.objc; path = MainController.m; sourceTree = "<group>"; };
		8FCAE6F3205379E40004BE33 /* LogicViewController.h */ = {isa = PBXFileReference; lastKnownFileType = sourcecode.c.h; path = LogicViewController.h; sourceTree = "<group>"; };
		8FCAE6F4205379E40004BE33 /* LogicViewController.m */ = {isa = PBXFileReference; lastKnownFileType = sourcecode.c.objc; path = LogicViewController.m; sourceTree = "<group>"; };
		8FCAE6F620537A0C0004BE33 /* NetworkViewController.h */ = {isa = PBXFileReference; lastKnownFileType = sourcecode.c.h; path = NetworkViewController.h; sourceTree = "<group>"; };
		8FCAE6F720537A0C0004BE33 /* NetworkViewController.m */ = {isa = PBXFileReference; lastKnownFileType = sourcecode.c.objc; path = NetworkViewController.m; sourceTree = "<group>"; };
		8FCAE6F920537A270004BE33 /* StoreViewController.h */ = {isa = PBXFileReference; lastKnownFileType = sourcecode.c.h; path = StoreViewController.h; sourceTree = "<group>"; };
		8FCAE6FA20537A270004BE33 /* StoreViewController.m */ = {isa = PBXFileReference; lastKnownFileType = sourcecode.c.objc; path = StoreViewController.m; sourceTree = "<group>"; };
		8FCAE6FC20537A430004BE33 /* ViewCodeViewController.h */ = {isa = PBXFileReference; lastKnownFileType = sourcecode.c.h; path = ViewCodeViewController.h; sourceTree = "<group>"; };
		8FCAE6FD20537A430004BE33 /* ViewCodeViewController.m */ = {isa = PBXFileReference; lastKnownFileType = sourcecode.c.objc; path = ViewCodeViewController.m; sourceTree = "<group>"; };
/* End PBXFileReference section */

/* Begin PBXFrameworksBuildPhase section */
		8FCAE6C520535D7C0004BE33 /* Frameworks */ = {
			isa = PBXFrameworksBuildPhase;
			buildActionMask = 2147483647;
			files = (
			);
			runOnlyForDeploymentPostprocessing = 0;
		};
/* End PBXFrameworksBuildPhase section */

/* Begin PBXGroup section */
		8FCAE6BF20535D7C0004BE33 = {
			isa = PBXGroup;
			children = (
				8FCAE6CA20535D7C0004BE33 /* 轻量级ViewController */,
				8FCAE6C920535D7C0004BE33 /* Products */,
			);
			sourceTree = "<group>";
		};
		8FCAE6C920535D7C0004BE33 /* Products */ = {
			isa = PBXGroup;
			children = (
				8FCAE6C820535D7C0004BE33 /* 轻量级ViewController.app */,
			);
			name = Products;
			sourceTree = "<group>";
		};
		8FCAE6CA20535D7C0004BE33 /* 轻量级ViewController */ = {
			isa = PBXGroup;
			children = (
				8FCAE6E120535DBE0004BE33 /* Classes */,
				8FCAE6CB20535D7C0004BE33 /* AppDelegate.h */,
				8FCAE6CC20535D7C0004BE33 /* AppDelegate.m */,
				8F9A9024205B54EA00E3D5F6 /* Jack.h */,
				8F9A9025205B54EA00E3D5F6 /* Jack.m */,
				8FCAE6D420535D7C0004BE33 /* Assets.xcassets */,
				8FCAE6D620535D7C0004BE33 /* LaunchScreen.storyboard */,
				8FCAE6D920535D7C0004BE33 /* Info.plist */,
				8FCAE6DA20535D7C0004BE33 /* main.m */,
				8FCAE6EE205375F60004BE33 /* Main.storyboard */,
				8FCAE6F0205378CA0004BE33 /* MainController.h */,
				8FCAE6F1205378CA0004BE33 /* MainController.m */,
			);
			path = "轻量级ViewController";
			sourceTree = "<group>";
		};
		8FCAE6E120535DBE0004BE33 /* Classes */ = {
			isa = PBXGroup;
			children = (
				8FCAE6E420535DF10004BE33 /* Model */,
				8FCAE6E320535DDF0004BE33 /* Controller */,
				8FCAE6E220535DD20004BE33 /* View */,
			);
			path = Classes;
			sourceTree = "<group>";
		};
		8FCAE6E220535DD20004BE33 /* View */ = {
			isa = PBXGroup;
			children = (
			);
			path = View;
			sourceTree = "<group>";
		};
		8FCAE6E320535DDF0004BE33 /* Controller */ = {
			isa = PBXGroup;
			children = (
				8FCAE6E520535E6A0004BE33 /* TBViewController.h */,
				8FCAE6E620535E6A0004BE33 /* TBViewController.m */,
				8FCAE6F3205379E40004BE33 /* LogicViewController.h */,
				8FCAE6F4205379E40004BE33 /* LogicViewController.m */,
				8FCAE6F620537A0C0004BE33 /* NetworkViewController.h */,
				8FCAE6F720537A0C0004BE33 /* NetworkViewController.m */,
				8FCAE6F920537A270004BE33 /* StoreViewController.h */,
				8FCAE6FA20537A270004BE33 /* StoreViewController.m */,
				8FCAE6FC20537A430004BE33 /* ViewCodeViewController.h */,
				8FCAE6FD20537A430004BE33 /* ViewCodeViewController.m */,
			);
			path = Controller;
			sourceTree = "<group>";
		};
		8FCAE6E420535DF10004BE33 /* Model */ = {
			isa = PBXGroup;
			children = (
				8F9A902F205BA30D00E3D5F6 /* 4.jpeg */,
				8FCAE6E820535EB20004BE33 /* TBDataSource.h */,
				8FCAE6E920535EB20004BE33 /* TBDataSource.m */,
				8FCAE6EB2053754D0004BE33 /* Person.h */,
				8FCAE6EC2053754D0004BE33 /* Person.m */,
				8F9A9027205B927600E3D5F6 /* Person.plist */,
				8F9A9029205B9C2200E3D5F6 /* Network.h */,
				8F9A902A205B9C2200E3D5F6 /* Network.m */,
				8F9A902C205B9E8C00E3D5F6 /* UserHeaderView.h */,
				8F9A902D205B9E8C00E3D5F6 /* UserHeaderView.m */,
			);
			path = Model;
			sourceTree = "<group>";
		};
/* End PBXGroup section */

/* Begin PBXNativeTarget section */
		8FCAE6C720535D7C0004BE33 /* 轻量级ViewController */ = {
			isa = PBXNativeTarget;
			buildConfigurationList = 8FCAE6DE20535D7C0004BE33 /* Build configuration list for PBXNativeTarget "轻量级ViewController" */;
			buildPhases = (
				8FCAE6C420535D7C0004BE33 /* Sources */,
				8FCAE6C520535D7C0004BE33 /* Frameworks */,
				8FCAE6C620535D7C0004BE33 /* Resources */,
			);
			buildRules = (
			);
			dependencies = (
			);
			name = "轻量级ViewController";
			productName = "轻量级ViewController";
			productReference = 8FCAE6C820535D7C0004BE33 /* 轻量级ViewController.app */;
			productType = "com.apple.product-type.application";
		};
/* End PBXNativeTarget section */

/* Begin PBXProject section */
		8FCAE6C020535D7C0004BE33 /* Project object */ = {
			isa = PBXProject;
			attributes = {
				LastUpgradeCheck = 0920;
				ORGANIZATIONNAME = pgq;
				TargetAttributes = {
					8FCAE6C720535D7C0004BE33 = {
						CreatedOnToolsVersion = 9.2;
						ProvisioningStyle = Automatic;
					};
				};
			};
			buildConfigurationList = 8FCAE6C320535D7C0004BE33 /* Build configuration list for PBXProject "轻量级ViewController" */;
			compatibilityVersion = "Xcode 8.0";
			developmentRegion = en;
			hasScannedForEncodings = 0;
			knownRegions = (
				en,
				Base,
			);
			mainGroup = 8FCAE6BF20535D7C0004BE33;
			productRefGroup = 8FCAE6C920535D7C0004BE33 /* Products */;
			projectDirPath = "";
			projectRoot = "";
			targets = (
				8FCAE6C720535D7C0004BE33 /* 轻量级ViewController */,
			);
		};
/* End PBXProject section */

/* Begin PBXResourcesBuildPhase section */
		8FCAE6C620535D7C0004BE33 /* Resources */ = {
			isa = PBXResourcesBuildPhase;
			buildActionMask = 2147483647;
			files = (
				8F9A9030205BA30D00E3D5F6 /* 4.jpeg in Resources */,
				8FCAE6EF205375F60004BE33 /* Main.storyboard in Resources */,
				8F9A9028205B927600E3D5F6 /* Person.plist in Resources */,
				8FCAE6D820535D7C0004BE33 /* LaunchScreen.storyboard in Resources */,
				8FCAE6D520535D7C0004BE33 /* Assets.xcassets in Resources */,
			);
			runOnlyForDeploymentPostprocessing = 0;
		};
/* End PBXResourcesBuildPhase section */

/* Begin PBXSourcesBuildPhase section */
		8FCAE6C420535D7C0004BE33 /* Sources */ = {
			isa = PBXSourcesBuildPhase;
			buildActionMask = 2147483647;
			files = (
				8FCAE6E720535E6A0004BE33 /* TBViewController.m in Sources */,
				8FCAE6DB20535D7C0004BE33 /* main.m in Sources */,
				8F9A902E205B9E8C00E3D5F6 /* UserHeaderView.m in Sources */,
				8F9A9026205B54EA00E3D5F6 /* Jack.m in Sources */,
				8FCAE6FE20537A430004BE33 /* ViewCodeViewController.m in Sources */,
				8FCAE6F5205379E40004BE33 /* LogicViewController.m in Sources */,
				8FCAE6F820537A0C0004BE33 /* NetworkViewController.m in Sources */,
				8FCAE6ED2053754D0004BE33 /* Person.m in Sources */,
				8FCAE6FB20537A270004BE33 /* StoreViewController.m in Sources */,
				8FCAE6EA20535EB20004BE33 /* TBDataSource.m in Sources */,
				8FCAE6F2205378CA0004BE33 /* MainController.m in Sources */,
				8F9A902B205B9C2200E3D5F6 /* Network.m in Sources */,
				8FCAE6CD20535D7C0004BE33 /* AppDelegate.m in Sources */,
			);
			runOnlyForDeploymentPostprocessing = 0;
		};
/* End PBXSourcesBuildPhase section */

/* Begin PBXVariantGroup section */
		8FCAE6D620535D7C0004BE33 /* LaunchScreen.storyboard */ = {
			isa = PBXVariantGroup;
			children = (
				8FCAE6D720535D7C0004BE33 /* Base */,
			);
			name = LaunchScreen.storyboard;
			sourceTree = "<group>";
		};
/* End PBXVariantGroup section */

/* Begin XCBuildConfiguration section */
		8FCAE6DC20535D7C0004BE33 /* Debug */ = {
			isa = XCBuildConfiguration;
			buildSettings = {
				ALWAYS_SEARCH_USER_PATHS = NO;
				CLANG_ANALYZER_NONNULL = YES;
				CLANG_ANALYZER_NUMBER_OBJECT_CONVERSION = YES_AGGRESSIVE;
				CLANG_CXX_LANGUAGE_STANDARD = "gnu++14";
				CLANG_CXX_LIBRARY = "libc++";
				CLANG_ENABLE_MODULES = YES;
				CLANG_ENABLE_OBJC_ARC = YES;
				CLANG_WARN_BLOCK_CAPTURE_AUTORELEASING = YES;
				CLANG_WARN_BOOL_CONVERSION = YES;
				CLANG_WARN_COMMA = YES;
				CLANG_WARN_CONSTANT_CONVERSION = YES;
				CLANG_WARN_DIRECT_OBJC_ISA_USAGE = YES_ERROR;
				CLANG_WARN_DOCUMENTATION_COMMENTS = YES;
				CLANG_WARN_EMPTY_BODY = YES;
				CLANG_WARN_ENUM_CONVERSION = YES;
				CLANG_WARN_INFINITE_RECURSION = YES;
				CLANG_WARN_INT_CONVERSION = YES;
				CLANG_WARN_NON_LITERAL_NULL_CONVERSION = YES;
				CLANG_WARN_OBJC_LITERAL_CONVERSION = YES;
				CLANG_WARN_OBJC_ROOT_CLASS = YES_ERROR;
				CLANG_WARN_RANGE_LOOP_ANALYSIS = YES;
				CLANG_WARN_STRICT_PROTOTYPES = YES;
				CLANG_WARN_SUSPICIOUS_MOVE = YES;
				CLANG_WARN_UNGUARDED_AVAILABILITY = YES_AGGRESSIVE;
				CLANG_WARN_UNREACHABLE_CODE = YES;
				CLANG_WARN__DUPLICATE_METHOD_MATCH = YES;
				CODE_SIGN_IDENTITY = "iPhone Developer";
				COPY_PHASE_STRIP = NO;
				DEBUG_INFORMATION_FORMAT = dwarf;
				ENABLE_STRICT_OBJC_MSGSEND = YES;
				ENABLE_TESTABILITY = YES;
				GCC_C_LANGUAGE_STANDARD = gnu11;
				GCC_DYNAMIC_NO_PIC = NO;
				GCC_NO_COMMON_BLOCKS = YES;
				GCC_OPTIMIZATION_LEVEL = 0;
				GCC_PREPROCESSOR_DEFINITIONS = (
					"DEBUG=1",
					"$(inherited)",
				);
				GCC_WARN_64_TO_32_BIT_CONVERSION = YES;
				GCC_WARN_ABOUT_RETURN_TYPE = YES_ERROR;
				GCC_WARN_UNDECLARED_SELECTOR = YES;
				GCC_WARN_UNINITIALIZED_AUTOS = YES_AGGRESSIVE;
				GCC_WARN_UNUSED_FUNCTION = YES;
				GCC_WARN_UNUSED_VARIABLE = YES;
				IPHONEOS_DEPLOYMENT_TARGET = 11.2;
				MTL_ENABLE_DEBUG_INFO = YES;
				ONLY_ACTIVE_ARCH = YES;
				SDKROOT = iphoneos;
			};
			name = Debug;
		};
		8FCAE6DD20535D7C0004BE33 /* Release */ = {
			isa = XCBuildConfiguration;
			buildSettings = {
				ALWAYS_SEARCH_USER_PATHS = NO;
				CLANG_ANALYZER_NONNULL = YES;
				CLANG_ANALYZER_NUMBER_OBJECT_CONVERSION = YES_AGGRESSIVE;
				CLANG_CXX_LANGUAGE_STANDARD = "gnu++14";
				CLANG_CXX_LIBRARY = "libc++";
				CLANG_ENABLE_MODULES = YES;
				CLANG_ENABLE_OBJC_ARC = YES;
				CLANG_WARN_BLOCK_CAPTURE_AUTORELEASING = YES;
				CLANG_WARN_BOOL_CONVERSION = YES;
				CLANG_WARN_COMMA = YES;
				CLANG_WARN_CONSTANT_CONVERSION = YES;
				CLANG_WARN_DIRECT_OBJC_ISA_USAGE = YES_ERROR;
				CLANG_WARN_DOCUMENTATION_COMMENTS = YES;
				CLANG_WARN_EMPTY_BODY = YES;
				CLANG_WARN_ENUM_CONVERSION = YES;
				CLANG_WARN_INFINITE_RECURSION = YES;
				CLANG_WARN_INT_CONVERSION = YES;
				CLANG_WARN_NON_LITERAL_NULL_CONVERSION = YES;
				CLANG_WARN_OBJC_LITERAL_CONVERSION = YES;
				CLANG_WARN_OBJC_ROOT_CLASS = YES_ERROR;
				CLANG_WARN_RANGE_LOOP_ANALYSIS = YES;
				CLANG_WARN_STRICT_PROTOTYPES = YES;
				CLANG_WARN_SUSPICIOUS_MOVE = YES;
				CLANG_WARN_UNGUARDED_AVAILABILITY = YES_AGGRESSIVE;
				CLANG_WARN_UNREACHABLE_CODE = YES;
				CLANG_WARN__DUPLICATE_METHOD_MATCH = YES;
				CODE_SIGN_IDENTITY = "iPhone Developer";
				COPY_PHASE_STRIP = NO;
				DEBUG_INFORMATION_FORMAT = "dwarf-with-dsym";
				ENABLE_NS_ASSERTIONS = NO;
				ENABLE_STRICT_OBJC_MSGSEND = YES;
				GCC_C_LANGUAGE_STANDARD = gnu11;
				GCC_NO_COMMON_BLOCKS = YES;
				GCC_WARN_64_TO_32_BIT_CONVERSION = YES;
				GCC_WARN_ABOUT_RETURN_TYPE = YES_ERROR;
				GCC_WARN_UNDECLARED_SELECTOR = YES;
				GCC_WARN_UNINITIALIZED_AUTOS = YES_AGGRESSIVE;
				GCC_WARN_UNUSED_FUNCTION = YES;
				GCC_WARN_UNUSED_VARIABLE = YES;
				IPHONEOS_DEPLOYMENT_TARGET = 11.2;
				MTL_ENABLE_DEBUG_INFO = NO;
				SDKROOT = iphoneos;
				VALIDATE_PRODUCT = YES;
			};
			name = Release;
		};
		8FCAE6DF20535D7C0004BE33 /* Debug */ = {
			isa = XCBuildConfiguration;
			buildSettings = {
				ASSETCATALOG_COMPILER_APPICON_NAME = AppIcon;
				CODE_SIGN_STYLE = Automatic;
				DEVELOPMENT_TEAM = B2BXA8AH8F;
				INFOPLIST_FILE = "轻量级ViewController/Info.plist";
				IPHONEOS_DEPLOYMENT_TARGET = 10.0;
				LD_RUNPATH_SEARCH_PATHS = "$(inherited) @executable_path/Frameworks";
				PRODUCT_BUNDLE_IDENTIFIER = "com.antheroiot.pgq.---ViewController";
				PRODUCT_NAME = "$(TARGET_NAME)";
				TARGETED_DEVICE_FAMILY = "1,2";
			};
			name = Debug;
		};
		8FCAE6E020535D7C0004BE33 /* Release */ = {
			isa = XCBuildConfiguration;
			buildSettings = {
				ASSETCATALOG_COMPILER_APPICON_NAME = AppIcon;
				CODE_SIGN_STYLE = Automatic;
				DEVELOPMENT_TEAM = B2BXA8AH8F;
				INFOPLIST_FILE = "轻量级ViewController/Info.plist";
				IPHONEOS_DEPLOYMENT_TARGET = 10.0;
				LD_RUNPATH_SEARCH_PATHS = "$(inherited) @executable_path/Frameworks";
				PRODUCT_BUNDLE_IDENTIFIER = "com.antheroiot.pgq.---ViewController";
				PRODUCT_NAME = "$(TARGET_NAME)";
				TARGETED_DEVICE_FAMILY = "1,2";
			};
			name = Release;
		};
/* End XCBuildConfiguration section */

/* Begin XCConfigurationList section */
		8FCAE6C320535D7C0004BE33 /* Build configuration list for PBXProject "轻量级ViewController" */ = {
			isa = XCConfigurationList;
			buildConfigurations = (
				8FCAE6DC20535D7C0004BE33 /* Debug */,
				8FCAE6DD20535D7C0004BE33 /* Release */,
			);
			defaultConfigurationIsVisible = 0;
			defaultConfigurationName = Release;
		};
		8FCAE6DE20535D7C0004BE33 /* Build configuration list for PBXNativeTarget "轻量级ViewController" */ = {
			isa = XCConfigurationList;
			buildConfigurations = (
				8FCAE6DF20535D7C0004BE33 /* Debug */,
				8FCAE6E020535D7C0004BE33 /* Release */,
			);
			defaultConfigurationIsVisible = 0;
			defaultConfigurationName = Release;
		};
/* End XCConfigurationList section */
	};
	rootObject = 8FCAE6C020535D7C0004BE33 /* Project object */;
}
